# THIS IS AN AUTOGENERATED FILE. DO NOT EDIT THIS FILE DIRECTLY.
# yarn lockfile v1


nodemailer@^6.4.14:
  version "6.4.14"
  resolved "https://registry.yarnpkg.com/nodemailer/-/nodemailer-6.4.14.tgz#2ffb160b63ff0c15a979da75e1f82af85433d2a3"
  integrity sha512-0AQHOOT+nRAOK6QnksNaK7+5vjviVvEBzmZytKU7XSA+Vze2NLykTx/05ti1uJgXFTWrMq08u3j3x4r4OE6PAA==
